
Microsoft Visual Studio Solution File, Format Version 12.00
# Visual Studio Version 17
VisualStudioVersion = 17.4.33122.133
MinimumVisualStudioVersion = 10.0.40219.1
Project("{FAE04EC0-301F-11D3-BF4B-00C04F79EFBC}") = "Cars and Used Cards", "Cars and Used Cards\Cars and Used Cards.csproj", "{8303FCF4-9E3A-49CF-B3AB-2CB91ED062DF}"
EndProject
Global
	GlobalSection(SolutionConfigurationPlatforms) = preSolution
		Debug|Any CPU = Debug|Any CPU
		Release|Any CPU = Release|Any CPU
	EndGlobalSection
	GlobalSection(ProjectConfigurationPlatforms) = postSolution
		{8303FCF4-9E3A-49CF-B3AB-2CB91ED062DF}.Debug|Any CPU.ActiveCfg = Debug|Any CPU
		{8303FCF4-9E3A-49CF-B3AB-2CB91ED062DF}.Debug|Any CPU.Build.0 = Debug|Any CPU
		{8303FCF4-9E3A-49CF-B3AB-2CB91ED062DF}.Release|Any CPU.ActiveCfg = Release|Any CPU
		{8303FCF4-9E3A-49CF-B3AB-2CB91ED062DF}.Release|Any CPU.Build.0 = Release|Any CPU
	EndGlobalSection
	GlobalSection(SolutionProperties) = preSolution
		HideSolutionNode = FALSE
	EndGlobalSection
	GlobalSection(ExtensibilityGlobals) = postSolution
		SolutionGuid = {A0AFB3E3-9C47-43AB-ACAB-E98AFBFBBA25}
	EndGlobalSection
EndGlobal
